
Microsoft Visual Studio Solution File, Format Version 12.00
# Visual Studio Version 17
VisualStudioVersion = 17.5.33424.131
MinimumVisualStudioVersion = 10.0.40219.1
Project("{FAE04EC0-301F-11D3-BF4B-00C04F79EFBC}") = "PrimeNumberCalculator", "PrimeNumberCalculator.csproj", "{4439F9AD-7268-41EF-AE38-A15F4EC32256}"
EndProject
Global
	GlobalSection(SolutionConfigurationPlatforms) = preSolution
		Debug|Any CPU = Debug|Any CPU
		Release|Any CPU = Release|Any CPU
	EndGlobalSection
	GlobalSection(ProjectConfigurationPlatforms) = postSolution
		{4439F9AD-7268-41EF-AE38-A15F4EC32256}.Debug|Any CPU.ActiveCfg = Debug|Any CPU
		{4439F9AD-7268-41EF-AE38-A15F4EC32256}.Debug|Any CPU.Build.0 = Debug|Any CPU
		{4439F9AD-7268-41EF-AE38-A15F4EC32256}.Release|Any CPU.ActiveCfg = Release|Any CPU
		{4439F9AD-7268-41EF-AE38-A15F4EC32256}.Release|Any CPU.Build.0 = Release|Any CPU
	EndGlobalSection
	GlobalSection(SolutionProperties) = preSolution
		HideSolutionNode = FALSE
	EndGlobalSection
	GlobalSection(ExtensibilityGlobals) = postSolution
		SolutionGuid = {88261214-59E2-48A4-B0A1-C5734444684A}
	EndGlobalSection
EndGlobal
